
Microsoft Visual Studio Solution File, Format Version 12.00
# Visual Studio Version 17
VisualStudioVersion = 17.9.34723.18
MinimumVisualStudioVersion = 10.0.40219.1
Project("{FAE04EC0-301F-11D3-BF4B-00C04F79EFBC}") = "KutuphaneYonetimSistemi", "KutuphaneYonetimSistemi\KutuphaneYonetimSistemi.csproj", "{9A116629-A644-4822-8C91-B0B9508352FE}"
EndProject
Global
	GlobalSection(SolutionConfigurationPlatforms) = preSolution
		Debug|Any CPU = Debug|Any CPU
		Release|Any CPU = Release|Any CPU
	EndGlobalSection
	GlobalSection(ProjectConfigurationPlatforms) = postSolution
		{9A116629-A644-4822-8C91-B0B9508352FE}.Debug|Any CPU.ActiveCfg = Debug|Any CPU
		{9A116629-A644-4822-8C91-B0B9508352FE}.Debug|Any CPU.Build.0 = Debug|Any CPU
		{9A116629-A644-4822-8C91-B0B9508352FE}.Release|Any CPU.ActiveCfg = Release|Any CPU
		{9A116629-A644-4822-8C91-B0B9508352FE}.Release|Any CPU.Build.0 = Release|Any CPU
	EndGlobalSection
	GlobalSection(SolutionProperties) = preSolution
		HideSolutionNode = FALSE
	EndGlobalSection
	GlobalSection(ExtensibilityGlobals) = postSolution
		SolutionGuid = {97F8D28C-9274-471D-BA3C-894569CB9E5C}
	EndGlobalSection
EndGlobal
